
Microsoft Visual Studio Solution File, Format Version 12.00
# Visual Studio Version 17
VisualStudioVersion = 17.0.31903.59
MinimumVisualStudioVersion = 10.0.40219.1
Project("{2150E333-8FDC-42A3-9474-1A3956D46DE8}") = "src", "src", "{827E0CD3-B72D-47B6-A68D-7590B98EB39B}"
EndProject
Project("{FAE04EC0-301F-11D3-BF4B-00C04F79EFBC}") = "MessageBridge.Domain", "src\MessageBridge.Domain\MessageBridge.Domain.csproj", "{A9F27DA5-7988-4178-A2F4-44D2C2A20A82}"
EndProject
Project("{FAE04EC0-301F-11D3-BF4B-00C04F79EFBC}") = "MessageBridge.Application", "src\MessageBridge.Application\MessageBridge.Application.csproj", "{354D6AC2-A451-4966-89F6-C95644BE4294}"
EndProject
Project("{FAE04EC0-301F-11D3-BF4B-00C04F79EFBC}") = "MessageBridge.Infrastructure", "src\MessageBridge.Infrastructure\MessageBridge.Infrastructure.csproj", "{E50BE43A-F39C-4019-9789-64A7A92462D2}"
EndProject
Project("{FAE04EC0-301F-11D3-BF4B-00C04F79EFBC}") = "MessageBridge.Worker", "src\MessageBridge.Worker\MessageBridge.Worker.csproj", "{AA20AD9C-0DF6-4B83-A9E1-58D6B106CDE3}"
EndProject
Project("{2150E333-8FDC-42A3-9474-1A3956D46DE8}") = "tests", "tests", "{0AB3BF05-4346-4AA6-1389-037BE0695223}"
EndProject
Project("{FAE04EC0-301F-11D3-BF4B-00C04F79EFBC}") = "MessageBridge.Infrastructure.Tests", "tests\MessageBridge.Infrastructure.Tests\MessageBridge.Infrastructure.Tests.csproj", "{6E3F36EA-ADD3-4208-85E8-B56C651FBD14}"
EndProject
Global
	GlobalSection(SolutionConfigurationPlatforms) = preSolution
		Debug|Any CPU = Debug|Any CPU
		Debug|x64 = Debug|x64
		Debug|x86 = Debug|x86
		Release|Any CPU = Release|Any CPU
		Release|x64 = Release|x64
		Release|x86 = Release|x86
	EndGlobalSection
	GlobalSection(ProjectConfigurationPlatforms) = postSolution
		{A9F27DA5-7988-4178-A2F4-44D2C2A20A82}.Debug|Any CPU.ActiveCfg = Debug|Any CPU
		{A9F27DA5-7988-4178-A2F4-44D2C2A20A82}.Debug|Any CPU.Build.0 = Debug|Any CPU
		{A9F27DA5-7988-4178-A2F4-44D2C2A20A82}.Debug|x64.ActiveCfg = Debug|Any CPU
		{A9F27DA5-7988-4178-A2F4-44D2C2A20A82}.Debug|x64.Build.0 = Debug|Any CPU
		{A9F27DA5-7988-4178-A2F4-44D2C2A20A82}.Debug|x86.ActiveCfg = Debug|Any CPU
		{A9F27DA5-7988-4178-A2F4-44D2C2A20A82}.Debug|x86.Build.0 = Debug|Any CPU
		{A9F27DA5-7988-4178-A2F4-44D2C2A20A82}.Release|Any CPU.ActiveCfg = Release|Any CPU
		{A9F27DA5-7988-4178-A2F4-44D2C2A20A82}.Release|Any CPU.Build.0 = Release|Any CPU
		{A9F27DA5-7988-4178-A2F4-44D2C2A20A82}.Release|x64.ActiveCfg = Release|Any CPU
		{A9F27DA5-7988-4178-A2F4-44D2C2A20A82}.Release|x64.Build.0 = Release|Any CPU
		{A9F27DA5-7988-4178-A2F4-44D2C2A20A82}.Release|x86.ActiveCfg = Release|Any CPU
		{A9F27DA5-7988-4178-A2F4-44D2C2A20A82}.Release|x86.Build.0 = Release|Any CPU
		{354D6AC2-A451-4966-89F6-C95644BE4294}.Debug|Any CPU.ActiveCfg = Debug|Any CPU
		{354D6AC2-A451-4966-89F6-C95644BE4294}.Debug|Any CPU.Build.0 = Debug|Any CPU
		{354D6AC2-A451-4966-89F6-C95644BE4294}.Debug|x64.ActiveCfg = Debug|Any CPU
		{354D6AC2-A451-4966-89F6-C95644BE4294}.Debug|x64.Build.0 = Debug|Any CPU
		{354D6AC2-A451-4966-89F6-C95644BE4294}.Debug|x86.ActiveCfg = Debug|Any CPU
		{354D6AC2-A451-4966-89F6-C95644BE4294}.Debug|x86.Build.0 = Debug|Any CPU
		{354D6AC2-A451-4966-89F6-C95644BE4294}.Release|Any CPU.ActiveCfg = Release|Any CPU
		{354D6AC2-A451-4966-89F6-C95644BE4294}.Release|Any CPU.Build.0 = Release|Any CPU
		{354D6AC2-A451-4966-89F6-C95644BE4294}.Release|x64.ActiveCfg = Release|Any CPU
		{354D6AC2-A451-4966-89F6-C95644BE4294}.Release|x64.Build.0 = Release|Any CPU
		{354D6AC2-A451-4966-89F6-C95644BE4294}.Release|x86.ActiveCfg = Release|Any CPU
		{354D6AC2-A451-4966-89F6-C95644BE4294}.Release|x86.Build.0 = Release|Any CPU
		{E50BE43A-F39C-4019-9789-64A7A92462D2}.Debug|Any CPU.ActiveCfg = Debug|Any CPU
		{E50BE43A-F39C-4019-9789-64A7A92462D2}.Debug|Any CPU.Build.0 = Debug|Any CPU
		{E50BE43A-F39C-4019-9789-64A7A92462D2}.Debug|x64.ActiveCfg = Debug|Any CPU
		{E50BE43A-F39C-4019-9789-64A7A92462D2}.Debug|x64.Build.0 = Debug|Any CPU
		{E50BE43A-F39C-4019-9789-64A7A92462D2}.Debug|x86.ActiveCfg = Debug|Any CPU
		{E50BE43A-F39C-4019-9789-64A7A92462D2}.Debug|x86.Build.0 = Debug|Any CPU
		{E50BE43A-F39C-4019-9789-64A7A92462D2}.Release|Any CPU.ActiveCfg = Release|Any CPU
		{E50BE43A-F39C-4019-9789-64A7A92462D2}.Release|Any CPU.Build.0 = Release|Any CPU
		{E50BE43A-F39C-4019-9789-64A7A92462D2}.Release|x64.ActiveCfg = Release|Any CPU
		{E50BE43A-F39C-4019-9789-64A7A92462D2}.Release|x64.Build.0 = Release|Any CPU
		{E50BE43A-F39C-4019-9789-64A7A92462D2}.Release|x86.ActiveCfg = Release|Any CPU
		{E50BE43A-F39C-4019-9789-64A7A92462D2}.Release|x86.Build.0 = Release|Any CPU
		{AA20AD9C-0DF6-4B83-A9E1-58D6B106CDE3}.Debug|Any CPU.ActiveCfg = Debug|Any CPU
		{AA20AD9C-0DF6-4B83-A9E1-58D6B106CDE3}.Debug|Any CPU.Build.0 = Debug|Any CPU
		{AA20AD9C-0DF6-4B83-A9E1-58D6B106CDE3}.Debug|x64.ActiveCfg = Debug|Any CPU
		{AA20AD9C-0DF6-4B83-A9E1-58D6B106CDE3}.Debug|x64.Build.0 = Debug|Any CPU
		{AA20AD9C-0DF6-4B83-A9E1-58D6B106CDE3}.Debug|x86.ActiveCfg = Debug|Any CPU
		{AA20AD9C-0DF6-4B83-A9E1-58D6B106CDE3}.Debug|x86.Build.0 = Debug|Any CPU
		{AA20AD9C-0DF6-4B83-A9E1-58D6B106CDE3}.Release|Any CPU.ActiveCfg = Release|Any CPU
		{AA20AD9C-0DF6-4B83-A9E1-58D6B106CDE3}.Release|Any CPU.Build.0 = Release|Any CPU
		{AA20AD9C-0DF6-4B83-A9E1-58D6B106CDE3}.Release|x64.ActiveCfg = Release|Any CPU
		{AA20AD9C-0DF6-4B83-A9E1-58D6B106CDE3}.Release|x64.Build.0 = Release|Any CPU
		{AA20AD9C-0DF6-4B83-A9E1-58D6B106CDE3}.Release|x86.ActiveCfg = Release|Any CPU
		{AA20AD9C-0DF6-4B83-A9E1-58D6B106CDE3}.Release|x86.Build.0 = Release|Any CPU
		{6E3F36EA-ADD3-4208-85E8-B56C651FBD14}.Debug|Any CPU.ActiveCfg = Debug|Any CPU
		{6E3F36EA-ADD3-4208-85E8-B56C651FBD14}.Debug|Any CPU.Build.0 = Debug|Any CPU
		{6E3F36EA-ADD3-4208-85E8-B56C651FBD14}.Debug|x64.ActiveCfg = Debug|Any CPU
		{6E3F36EA-ADD3-4208-85E8-B56C651FBD14}.Debug|x64.Build.0 = Debug|Any CPU
		{6E3F36EA-ADD3-4208-85E8-B56C651FBD14}.Debug|x86.ActiveCfg = Debug|Any CPU
		{6E3F36EA-ADD3-4208-85E8-B56C651FBD14}.Debug|x86.Build.0 = Debug|Any CPU
		{6E3F36EA-ADD3-4208-85E8-B56C651FBD14}.Release|Any CPU.ActiveCfg = Release|Any CPU
		{6E3F36EA-ADD3-4208-85E8-B56C651FBD14}.Release|Any CPU.Build.0 = Release|Any CPU
		{6E3F36EA-ADD3-4208-85E8-B56C651FBD14}.Release|x64.ActiveCfg = Release|Any CPU
		{6E3F36EA-ADD3-4208-85E8-B56C651FBD14}.Release|x64.Build.0 = Release|Any CPU
		{6E3F36EA-ADD3-4208-85E8-B56C651FBD14}.Release|x86.ActiveCfg = Release|Any CPU
		{6E3F36EA-ADD3-4208-85E8-B56C651FBD14}.Release|x86.Build.0 = Release|Any CPU
	EndGlobalSection
	GlobalSection(SolutionProperties) = preSolution
		HideSolutionNode = FALSE
	EndGlobalSection
	GlobalSection(NestedProjects) = preSolution
		{A9F27DA5-7988-4178-A2F4-44D2C2A20A82} = {827E0CD3-B72D-47B6-A68D-7590B98EB39B}
		{354D6AC2-A451-4966-89F6-C95644BE4294} = {827E0CD3-B72D-47B6-A68D-7590B98EB39B}
		{E50BE43A-F39C-4019-9789-64A7A92462D2} = {827E0CD3-B72D-47B6-A68D-7590B98EB39B}
		{AA20AD9C-0DF6-4B83-A9E1-58D6B106CDE3} = {827E0CD3-B72D-47B6-A68D-7590B98EB39B}
		{6E3F36EA-ADD3-4208-85E8-B56C651FBD14} = {0AB3BF05-4346-4AA6-1389-037BE0695223}
	EndGlobalSection
EndGlobal
